// !$*UTF8*$!
{
	archiveVersion = 1;
	classes = {
	};
	objectVersion = 56;
	objects = {

/* Begin PBXBuildFile section */
		02F7C85129B503AD005BC2A4 /* Day3_Rucksack_ReorganizationApp.swift in Sources */ = {isa = PBXBuildFile; fileRef = 02F7C85029B503AD005BC2A4 /* Day3_Rucksack_ReorganizationApp.swift */; };
		02F7C85329B503AD005BC2A4 /* ContentView.swift in Sources */ = {isa = PBXBuildFile; fileRef = 02F7C85229B503AD005BC2A4 /* ContentView.swift */; };
		02F7C85529B503AE005BC2A4 /* Assets.xcassets in Resources */ = {isa = PBXBuildFile; fileRef = 02F7C85429B503AE005BC2A4 /* Assets.xcassets */; };
		02F7C85929B503AE005BC2A4 /* Preview Assets.xcassets in Resources */ = {isa = PBXBuildFile; fileRef = 02F7C85829B503AE005BC2A4 /* Preview Assets.xcassets */; };
		02F7C86029B504E8005BC2A4 /* inputs.txt in Resources */ = {isa = PBXBuildFile; fileRef = 02F7C85F29B504E8005BC2A4 /* inputs.txt */; };
		02F7C86229B5086C005BC2A4 /* ViewModel.swift in Sources */ = {isa = PBXBuildFile; fileRef = 02F7C86129B5086C005BC2A4 /* ViewModel.swift */; };
		02F7C86429B50CAB005BC2A4 /* Array+Extensions.swift in Sources */ = {isa = PBXBuildFile; fileRef = 02F7C86329B50CAB005BC2A4 /* Array+Extensions.swift */; };
/* End PBXBuildFile section */

/* Begin PBXFileReference section */
		02F7C84D29B503AD005BC2A4 /* Day3 Rucksack Reorganization.app */ = {isa = PBXFileReference; explicitFileType = wrapper.application; includeInIndex = 0; path = "Day3 Rucksack Reorganization.app"; sourceTree = BUILT_PRODUCTS_DIR; };
		02F7C85029B503AD005BC2A4 /* Day3_Rucksack_ReorganizationApp.swift */ = {isa = PBXFileReference; lastKnownFileType = sourcecode.swift; path = Day3_Rucksack_ReorganizationApp.swift; sourceTree = "<group>"; };
		02F7C85229B503AD005BC2A4 /* ContentView.swift */ = {isa = PBXFileReference; lastKnownFileType = sourcecode.swift; path = ContentView.swift; sourceTree = "<group>"; };
		02F7C85429B503AE005BC2A4 /* Assets.xcassets */ = {isa = PBXFileReference; lastKnownFileType = folder.assetcatalog; path = Assets.xcassets; sourceTree = "<group>"; };
		02F7C85629B503AE005BC2A4 /* Day3_Rucksack_Reorganization.entitlements */ = {isa = PBXFileReference; lastKnownFileType = text.plist.entitlements; path = Day3_Rucksack_Reorganization.entitlements; sourceTree = "<group>"; };
		02F7C85829B503AE005BC2A4 /* Preview Assets.xcassets */ = {isa = PBXFileReference; lastKnownFileType = folder.assetcatalog; path = "Preview Assets.xcassets"; sourceTree = "<group>"; };
		02F7C85F29B504E8005BC2A4 /* inputs.txt */ = {isa = PBXFileReference; lastKnownFileType = text; path = inputs.txt; sourceTree = "<group>"; };
		02F7C86129B5086C005BC2A4 /* ViewModel.swift */ = {isa = PBXFileReference; lastKnownFileType = sourcecode.swift; path = ViewModel.swift; sourceTree = "<group>"; };
		02F7C86329B50CAB005BC2A4 /* Array+Extensions.swift */ = {isa = PBXFileReference; lastKnownFileType = sourcecode.swift; path = "Array+Extensions.swift"; sourceTree = "<group>"; };
/* End PBXFileReference section */

/* Begin PBXFrameworksBuildPhase section */
		02F7C84A29B503AD005BC2A4 /* Frameworks */ = {
			isa = PBXFrameworksBuildPhase;
			buildActionMask = 2147483647;
			files = (
			);
			runOnlyForDeploymentPostprocessing = 0;
		};
/* End PBXFrameworksBuildPhase section */

/* Begin PBXGroup section */
		02F7C84429B503AD005BC2A4 = {
			isa = PBXGroup;
			children = (
				02F7C84F29B503AD005BC2A4 /* Day3 Rucksack Reorganization */,
				02F7C84E29B503AD005BC2A4 /* Products */,
			);
			sourceTree = "<group>";
		};
		02F7C84E29B503AD005BC2A4 /* Products */ = {
			isa = PBXGroup;
			children = (
				02F7C84D29B503AD005BC2A4 /* Day3 Rucksack Reorganization.app */,
			);
			name = Products;
			sourceTree = "<group>";
		};
		02F7C84F29B503AD005BC2A4 /* Day3 Rucksack Reorganization */ = {
			isa = PBXGroup;
			children = (
				02F7C85029B503AD005BC2A4 /* Day3_Rucksack_ReorganizationApp.swift */,
				02F7C85229B503AD005BC2A4 /* ContentView.swift */,
				02F7C86129B5086C005BC2A4 /* ViewModel.swift */,
				02F7C86329B50CAB005BC2A4 /* Array+Extensions.swift */,
				02F7C85F29B504E8005BC2A4 /* inputs.txt */,
				02F7C85429B503AE005BC2A4 /* Assets.xcassets */,
				02F7C85629B503AE005BC2A4 /* Day3_Rucksack_Reorganization.entitlements */,
				02F7C85729B503AE005BC2A4 /* Preview Content */,
			);
			path = "Day3 Rucksack Reorganization";
			sourceTree = "<group>";
		};
		02F7C85729B503AE005BC2A4 /* Preview Content */ = {
			isa = PBXGroup;
			children = (
				02F7C85829B503AE005BC2A4 /* Preview Assets.xcassets */,
			);
			path = "Preview Content";
			sourceTree = "<group>";
		};
/* End PBXGroup section */

/* Begin PBXNativeTarget section */
		02F7C84C29B503AD005BC2A4 /* Day3 Rucksack Reorganization */ = {
			isa = PBXNativeTarget;
			buildConfigurationList = 02F7C85C29B503AE005BC2A4 /* Build configuration list for PBXNativeTarget "Day3 Rucksack Reorganization" */;
			buildPhases = (
				02F7C84929B503AD005BC2A4 /* Sources */,
				02F7C84A29B503AD005BC2A4 /* Frameworks */,
				02F7C84B29B503AD005BC2A4 /* Resources */,
			);
			buildRules = (
			);
			dependencies = (
			);
			name = "Day3 Rucksack Reorganization";
			productName = "Day3 Rucksack Reorganization";
			productReference = 02F7C84D29B503AD005BC2A4 /* Day3 Rucksack Reorganization.app */;
			productType = "com.apple.product-type.application";
		};
/* End PBXNativeTarget section */

/* Begin PBXProject section */
		02F7C84529B503AD005BC2A4 /* Project object */ = {
			isa = PBXProject;
			attributes = {
				BuildIndependentTargetsInParallel = 1;
				LastSwiftUpdateCheck = 1400;
				LastUpgradeCheck = 1400;
				TargetAttributes = {
					02F7C84C29B503AD005BC2A4 = {
						CreatedOnToolsVersion = 14.0;
					};
				};
			};
			buildConfigurationList = 02F7C84829B503AD005BC2A4 /* Build configuration list for PBXProject "Day3 Rucksack Reorganization" */;
			compatibilityVersion = "Xcode 14.0";
			developmentRegion = en;
			hasScannedForEncodings = 0;
			knownRegions = (
				en,
				Base,
			);
			mainGroup = 02F7C84429B503AD005BC2A4;
			productRefGroup = 02F7C84E29B503AD005BC2A4 /* Products */;
			projectDirPath = "";
			projectRoot = "";
			targets = (
				02F7C84C29B503AD005BC2A4 /* Day3 Rucksack Reorganization */,
			);
		};
/* End PBXProject section */

/* Begin PBXResourcesBuildPhase section */
		02F7C84B29B503AD005BC2A4 /* Resources */ = {
			isa = PBXResourcesBuildPhase;
			buildActionMask = 2147483647;
			files = (
				02F7C86029B504E8005BC2A4 /* inputs.txt in Resources */,
				02F7C85929B503AE005BC2A4 /* Preview Assets.xcassets in Resources */,
				02F7C85529B503AE005BC2A4 /* Assets.xcassets in Resources */,
			);
			runOnlyForDeploymentPostprocessing = 0;
		};
/* End PBXResourcesBuildPhase section */

/* Begin PBXSourcesBuildPhase section */
		02F7C84929B503AD005BC2A4 /* Sources */ = {
			isa = PBXSourcesBuildPhase;
			buildActionMask = 2147483647;
			files = (
				02F7C85329B503AD005BC2A4 /* ContentView.swift in Sources */,
				02F7C86229B5086C005BC2A4 /* ViewModel.swift in Sources */,
				02F7C85129B503AD005BC2A4 /* Day3_Rucksack_ReorganizationApp.swift in Sources */,
				02F7C86429B50CAB005BC2A4 /* Array+Extensions.swift in Sources */,
			);
			runOnlyForDeploymentPostprocessing = 0;
		};
/* End PBXSourcesBuildPhase section */

/* Begin XCBuildConfiguration section */
		02F7C85A29B503AE005BC2A4 /* Debug */ = {
			isa = XCBuildConfiguration;
			buildSettings = {
				ALWAYS_SEARCH_USER_PATHS = NO;
				CLANG_ANALYZER_NONNULL = YES;
				CLANG_ANALYZER_NUMBER_OBJECT_CONVERSION = YES_AGGRESSIVE;
				CLANG_CXX_LANGUAGE_STANDARD = "gnu++20";
				CLANG_ENABLE_MODULES = YES;
				CLANG_ENABLE_OBJC_ARC = YES;
				CLANG_ENABLE_OBJC_WEAK = YES;
				CLANG_WARN_BLOCK_CAPTURE_AUTORELEASING = YES;
				CLANG_WARN_BOOL_CONVERSION = YES;
				CLANG_WARN_COMMA = YES;
				CLANG_WARN_CONSTANT_CONVERSION = YES;
				CLANG_WARN_DEPRECATED_OBJC_IMPLEMENTATIONS = YES;
				CLANG_WARN_DIRECT_OBJC_ISA_USAGE = YES_ERROR;
				CLANG_WARN_DOCUMENTATION_COMMENTS = YES;
				CLANG_WARN_EMPTY_BODY = YES;
				CLANG_WARN_ENUM_CONVERSION = YES;
				CLANG_WARN_INFINITE_RECURSION = YES;
				CLANG_WARN_INT_CONVERSION = YES;
				CLANG_WARN_NON_LITERAL_NULL_CONVERSION = YES;
				CLANG_WARN_OBJC_IMPLICIT_RETAIN_SELF = YES;
				CLANG_WARN_OBJC_LITERAL_CONVERSION = YES;
				CLANG_WARN_OBJC_ROOT_CLASS = YES_ERROR;
				CLANG_WARN_QUOTED_INCLUDE_IN_FRAMEWORK_HEADER = YES;
				CLANG_WARN_RANGE_LOOP_ANALYSIS = YES;
				CLANG_WARN_STRICT_PROTOTYPES = YES;
				CLANG_WARN_SUSPICIOUS_MOVE = YES;
				CLANG_WARN_UNGUARDED_AVAILABILITY = YES_AGGRESSIVE;
				CLANG_WARN_UNREACHABLE_CODE = YES;
				CLANG_WARN__DUPLICATE_METHOD_MATCH = YES;
				COPY_PHASE_STRIP = NO;
				DEBUG_INFORMATION_FORMAT = dwarf;
				ENABLE_STRICT_OBJC_MSGSEND = YES;
				ENABLE_TESTABILITY = YES;
				GCC_C_LANGUAGE_STANDARD = gnu11;
				GCC_DYNAMIC_NO_PIC = NO;
				GCC_NO_COMMON_BLOCKS = YES;
				GCC_OPTIMIZATION_LEVEL = 0;
				GCC_PREPROCESSOR_DEFINITIONS = (
					"DEBUG=1",
					"$(inherited)",
				);
				GCC_WARN_64_TO_32_BIT_CONVERSION = YES;
				GCC_WARN_ABOUT_RETURN_TYPE = YES_ERROR;
				GCC_WARN_UNDECLARED_SELECTOR = YES;
				GCC_WARN_UNINITIALIZED_AUTOS = YES_AGGRESSIVE;
				GCC_WARN_UNUSED_FUNCTION = YES;
				GCC_WARN_UNUSED_VARIABLE = YES;
				MTL_ENABLE_DEBUG_INFO = INCLUDE_SOURCE;
				MTL_FAST_MATH = YES;
				ONLY_ACTIVE_ARCH = YES;
				SWIFT_ACTIVE_COMPILATION_CONDITIONS = DEBUG;
				SWIFT_OPTIMIZATION_LEVEL = "-Onone";
			};
			name = Debug;
		};
		02F7C85B29B503AE005BC2A4 /* Release */ = {
			isa = XCBuildConfiguration;
			buildSettings = {
				ALWAYS_SEARCH_USER_PATHS = NO;
				CLANG_ANALYZER_NONNULL = YES;
				CLANG_ANALYZER_NUMBER_OBJECT_CONVERSION = YES_AGGRESSIVE;
				CLANG_CXX_LANGUAGE_STANDARD = "gnu++20";
				CLANG_ENABLE_MODULES = YES;
				CLANG_ENABLE_OBJC_ARC = YES;
				CLANG_ENABLE_OBJC_WEAK = YES;
				CLANG_WARN_BLOCK_CAPTURE_AUTORELEASING = YES;
				CLANG_WARN_BOOL_CONVERSION = YES;
				CLANG_WARN_COMMA = YES;
				CLANG_WARN_CONSTANT_CONVERSION = YES;
				CLANG_WARN_DEPRECATED_OBJC_IMPLEMENTATIONS = YES;
				CLANG_WARN_DIRECT_OBJC_ISA_USAGE = YES_ERROR;
				CLANG_WARN_DOCUMENTATION_COMMENTS = YES;
				CLANG_WARN_EMPTY_BODY = YES;
				CLANG_WARN_ENUM_CONVERSION = YES;
				CLANG_WARN_INFINITE_RECURSION = YES;
				CLANG_WARN_INT_CONVERSION = YES;
				CLANG_WARN_NON_LITERAL_NULL_CONVERSION = YES;
				CLANG_WARN_OBJC_IMPLICIT_RETAIN_SELF = YES;
				CLANG_WARN_OBJC_LITERAL_CONVERSION = YES;
				CLANG_WARN_OBJC_ROOT_CLASS = YES_ERROR;
				CLANG_WARN_QUOTED_INCLUDE_IN_FRAMEWORK_HEADER = YES;
				CLANG_WARN_RANGE_LOOP_ANALYSIS = YES;
				CLANG_WARN_STRICT_PROTOTYPES = YES;
				CLANG_WARN_SUSPICIOUS_MOVE = YES;
				CLANG_WARN_UNGUARDED_AVAILABILITY = YES_AGGRESSIVE;
				CLANG_WARN_UNREACHABLE_CODE = YES;
				CLANG_WARN__DUPLICATE_METHOD_MATCH = YES;
				COPY_PHASE_STRIP = NO;
				DEBUG_INFORMATION_FORMAT = "dwarf-with-dsym";
				ENABLE_NS_ASSERTIONS = NO;
				ENABLE_STRICT_OBJC_MSGSEND = YES;
				GCC_C_LANGUAGE_STANDARD = gnu11;
				GCC_NO_COMMON_BLOCKS = YES;
				GCC_WARN_64_TO_32_BIT_CONVERSION = YES;
				GCC_WARN_ABOUT_RETURN_TYPE = YES_ERROR;
				GCC_WARN_UNDECLARED_SELECTOR = YES;
				GCC_WARN_UNINITIALIZED_AUTOS = YES_AGGRESSIVE;
				GCC_WARN_UNUSED_FUNCTION = YES;
				GCC_WARN_UNUSED_VARIABLE = YES;
				MTL_ENABLE_DEBUG_INFO = NO;
				MTL_FAST_MATH = YES;
				SWIFT_COMPILATION_MODE = wholemodule;
				SWIFT_OPTIMIZATION_LEVEL = "-O";
			};
			name = Release;
		};
		02F7C85D29B503AE005BC2A4 /* Debug */ = {
			isa = XCBuildConfiguration;
			buildSettings = {
				ASSETCATALOG_COMPILER_APPICON_NAME = AppIcon;
				ASSETCATALOG_COMPILER_GLOBAL_ACCENT_COLOR_NAME = AccentColor;
				CODE_SIGN_ENTITLEMENTS = "Day3 Rucksack Reorganization/Day3_Rucksack_Reorganization.entitlements";
				CODE_SIGN_STYLE = Automatic;
				CURRENT_PROJECT_VERSION = 1;
				DEVELOPMENT_ASSET_PATHS = "\"Day3 Rucksack Reorganization/Preview Content\"";
				DEVELOPMENT_TEAM = M7K245D2L3;
				ENABLE_HARDENED_RUNTIME = YES;
				ENABLE_PREVIEWS = YES;
				GENERATE_INFOPLIST_FILE = YES;
				"INFOPLIST_KEY_UIApplicationSceneManifest_Generation[sdk=iphoneos*]" = YES;
				"INFOPLIST_KEY_UIApplicationSceneManifest_Generation[sdk=iphonesimulator*]" = YES;
				"INFOPLIST_KEY_UIApplicationSupportsIndirectInputEvents[sdk=iphoneos*]" = YES;
				"INFOPLIST_KEY_UIApplicationSupportsIndirectInputEvents[sdk=iphonesimulator*]" = YES;
				"INFOPLIST_KEY_UILaunchScreen_Generation[sdk=iphoneos*]" = YES;
				"INFOPLIST_KEY_UILaunchScreen_Generation[sdk=iphonesimulator*]" = YES;
				"INFOPLIST_KEY_UIStatusBarStyle[sdk=iphoneos*]" = UIStatusBarStyleDefault;
				"INFOPLIST_KEY_UIStatusBarStyle[sdk=iphonesimulator*]" = UIStatusBarStyleDefault;
				INFOPLIST_KEY_UISupportedInterfaceOrientations_iPad = "UIInterfaceOrientationPortrait UIInterfaceOrientationPortraitUpsideDown UIInterfaceOrientationLandscapeLeft UIInterfaceOrientationLandscapeRight";
				INFOPLIST_KEY_UISupportedInterfaceOrientations_iPhone = "UIInterfaceOrientationPortrait UIInterfaceOrientationLandscapeLeft UIInterfaceOrientationLandscapeRight";
				IPHONEOS_DEPLOYMENT_TARGET = 16.0;
				LD_RUNPATH_SEARCH_PATHS = "@executable_path/Frameworks";
				"LD_RUNPATH_SEARCH_PATHS[sdk=macosx*]" = "@executable_path/../Frameworks";
				MACOSX_DEPLOYMENT_TARGET = 12.3;
				MARKETING_VERSION = 1.0;
				PRODUCT_BUNDLE_IDENTIFIER = "com.patrikCesnek.Day3-Rucksack-Reorganization";
				PRODUCT_NAME = "$(TARGET_NAME)";
				SDKROOT = auto;
				SUPPORTED_PLATFORMS = "iphoneos iphonesimulator macosx";
				SWIFT_EMIT_LOC_STRINGS = YES;
				SWIFT_VERSION = 5.0;
				TARGETED_DEVICE_FAMILY = "1,2";
			};
			name = Debug;
		};
		02F7C85E29B503AE005BC2A4 /* Release */ = {
			isa = XCBuildConfiguration;
			buildSettings = {
				ASSETCATALOG_COMPILER_APPICON_NAME = AppIcon;
				ASSETCATALOG_COMPILER_GLOBAL_ACCENT_COLOR_NAME = AccentColor;
				CODE_SIGN_ENTITLEMENTS = "Day3 Rucksack Reorganization/Day3_Rucksack_Reorganization.entitlements";
				CODE_SIGN_STYLE = Automatic;
				CURRENT_PROJECT_VERSION = 1;
				DEVELOPMENT_ASSET_PATHS = "\"Day3 Rucksack Reorganization/Preview Content\"";
				DEVELOPMENT_TEAM = M7K245D2L3;
				ENABLE_HARDENED_RUNTIME = YES;
				ENABLE_PREVIEWS = YES;
				GENERATE_INFOPLIST_FILE = YES;
				"INFOPLIST_KEY_UIApplicationSceneManifest_Generation[sdk=iphoneos*]" = YES;
				"INFOPLIST_KEY_UIApplicationSceneManifest_Generation[sdk=iphonesimulator*]" = YES;
				"INFOPLIST_KEY_UIApplicationSupportsIndirectInputEvents[sdk=iphoneos*]" = YES;
				"INFOPLIST_KEY_UIApplicationSupportsIndirectInputEvents[sdk=iphonesimulator*]" = YES;
				"INFOPLIST_KEY_UILaunchScreen_Generation[sdk=iphoneos*]" = YES;
				"INFOPLIST_KEY_UILaunchScreen_Generation[sdk=iphonesimulator*]" = YES;
				"INFOPLIST_KEY_UIStatusBarStyle[sdk=iphoneos*]" = UIStatusBarStyleDefault;
				"INFOPLIST_KEY_UIStatusBarStyle[sdk=iphonesimulator*]" = UIStatusBarStyleDefault;
				INFOPLIST_KEY_UISupportedInterfaceOrientations_iPad = "UIInterfaceOrientationPortrait UIInterfaceOrientationPortraitUpsideDown UIInterfaceOrientationLandscapeLeft UIInterfaceOrientationLandscapeRight";
				INFOPLIST_KEY_UISupportedInterfaceOrientations_iPhone = "UIInterfaceOrientationPortrait UIInterfaceOrientationLandscapeLeft UIInterfaceOrientationLandscapeRight";
				IPHONEOS_DEPLOYMENT_TARGET = 16.0;
				LD_RUNPATH_SEARCH_PATHS = "@executable_path/Frameworks";
				"LD_RUNPATH_SEARCH_PATHS[sdk=macosx*]" = "@executable_path/../Frameworks";
				MACOSX_DEPLOYMENT_TARGET = 12.3;
				MARKETING_VERSION = 1.0;
				PRODUCT_BUNDLE_IDENTIFIER = "com.patrikCesnek.Day3-Rucksack-Reorganization";
				PRODUCT_NAME = "$(TARGET_NAME)";
				SDKROOT = auto;
				SUPPORTED_PLATFORMS = "iphoneos iphonesimulator macosx";
				SWIFT_EMIT_LOC_STRINGS = YES;
				SWIFT_VERSION = 5.0;
				TARGETED_DEVICE_FAMILY = "1,2";
			};
			name = Release;
		};
/* End XCBuildConfiguration section */

/* Begin XCConfigurationList section */
		02F7C84829B503AD005BC2A4 /* Build configuration list for PBXProject "Day3 Rucksack Reorganization" */ = {
			isa = XCConfigurationList;
			buildConfigurations = (
				02F7C85A29B503AE005BC2A4 /* Debug */,
				02F7C85B29B503AE005BC2A4 /* Release */,
			);
			defaultConfigurationIsVisible = 0;
			defaultConfigurationName = Release;
		};
		02F7C85C29B503AE005BC2A4 /* Build configuration list for PBXNativeTarget "Day3 Rucksack Reorganization" */ = {
			isa = XCConfigurationList;
			buildConfigurations = (
				02F7C85D29B503AE005BC2A4 /* Debug */,
				02F7C85E29B503AE005BC2A4 /* Release */,
			);
			defaultConfigurationIsVisible = 0;
			defaultConfigurationName = Release;
		};
/* End XCConfigurationList section */
	};
	rootObject = 02F7C84529B503AD005BC2A4 /* Project object */;
}
